
Microsoft Visual Studio Solution File, Format Version 12.00
# Visual Studio Version 17
VisualStudioVersion = 17.9.34622.214
MinimumVisualStudioVersion = 10.0.40219.1
Project("{FAE04EC0-301F-11D3-BF4B-00C04F79EFBC}") = "PasswordManager", "PasswordManager\PasswordManager.csproj", "{DAE65016-2971-44D6-B79C-0AD0D5949C4B}"
EndProject
Global
	GlobalSection(SolutionConfigurationPlatforms) = preSolution
		Debug|Any CPU = Debug|Any CPU
		Release|Any CPU = Release|Any CPU
	EndGlobalSection
	GlobalSection(ProjectConfigurationPlatforms) = postSolution
		{DAE65016-2971-44D6-B79C-0AD0D5949C4B}.Debug|Any CPU.ActiveCfg = Debug|Any CPU
		{DAE65016-2971-44D6-B79C-0AD0D5949C4B}.Debug|Any CPU.Build.0 = Debug|Any CPU
		{DAE65016-2971-44D6-B79C-0AD0D5949C4B}.Release|Any CPU.ActiveCfg = Release|Any CPU
		{DAE65016-2971-44D6-B79C-0AD0D5949C4B}.Release|Any CPU.Build.0 = Release|Any CPU
	EndGlobalSection
	GlobalSection(SolutionProperties) = preSolution
		HideSolutionNode = FALSE
	EndGlobalSection
	GlobalSection(ExtensibilityGlobals) = postSolution
		SolutionGuid = {B366C27A-47B8-41D3-B2B9-A0F424D44731}
	EndGlobalSection
EndGlobal
